
Microsoft Visual Studio Solution File, Format Version 12.00
# Visual Studio Version 16
VisualStudioVersion = 16.0.30907.101
MinimumVisualStudioVersion = 10.0.40219.1
Project("{FAE04EC0-301F-11D3-BF4B-00C04F79EFBC}") = "GeometricJP", "GeometricJP\GeometricJP.csproj", "{179F9DFF-C5AE-477D-A788-92FC2FF3FCDE}"
EndProject
Global
	GlobalSection(SolutionConfigurationPlatforms) = preSolution
		Debug|Any CPU = Debug|Any CPU
		Release|Any CPU = Release|Any CPU
	EndGlobalSection
	GlobalSection(ProjectConfigurationPlatforms) = postSolution
		{179F9DFF-C5AE-477D-A788-92FC2FF3FCDE}.Debug|Any CPU.ActiveCfg = Debug|Any CPU
		{179F9DFF-C5AE-477D-A788-92FC2FF3FCDE}.Debug|Any CPU.Build.0 = Debug|Any CPU
		{179F9DFF-C5AE-477D-A788-92FC2FF3FCDE}.Release|Any CPU.ActiveCfg = Release|Any CPU
		{179F9DFF-C5AE-477D-A788-92FC2FF3FCDE}.Release|Any CPU.Build.0 = Release|Any CPU
	EndGlobalSection
	GlobalSection(SolutionProperties) = preSolution
		HideSolutionNode = FALSE
	EndGlobalSection
	GlobalSection(ExtensibilityGlobals) = postSolution
		SolutionGuid = {B4BA5EC0-DA08-47DC-A366-CE58F1A627D8}
	EndGlobalSection
EndGlobal
